{
  "name": "the-life-of-david",
  "lockfileVersion": 2,
  "requires": true,
  "packages": {
    "": {
      "name": "the-life-of-david",
      "dependencies": {
        "@saibotsivad/blockdown": "^3.0.0",
        "js-yaml": "^4.1.0",
        "snarkdown": "^2.0.0",
        "verse-reference-regex": "^1.3.0",
        "world-english-bible": "^1.0.0"
      }
    },
    "node_modules/@saibotsivad/blockdown": {
      "version": "3.0.0",
      "resolved": "https://registry.npmjs.org/@saibotsivad/blockdown/-/blockdown-3.0.0.tgz",
      "integrity": "sha512-RAX4kW1G2Bia85vtF8iTK5zIXcX5XZnm8lJpoOQQCJ/PexipMuzDCiAOXPQAgmCCNRFknQ4nX3gwn1tuX0MTNA==",
      "engines": {
        "node": ">=12"
      }
    },
    "node_modules/argparse": {
      "version": "2.0.1",
      "resolved": "https://registry.npmjs.org/argparse/-/argparse-2.0.1.tgz",
      "integrity": "sha512-8+9WqebbFzpX9OR+Wa6O29asIogeRMzcGtAINdpMHHyAg10f05aSFVBbcEqGf/PXw1EjAZ+q2/bEBg3DvurK3Q=="
    },
    "node_modules/books-of-the-bible": {
      "version": "1.0.0",
      "resolved": "https://registry.npmjs.org/books-of-the-bible/-/books-of-the-bible-1.0.0.tgz",
      "integrity": "sha512-1svLUGyYcXYVmJOdP7bFQFxjErcLpJ92Gl/3TiImAJNSd1iQSq6yDBHoGBtqZf5mZZ2YIgKKYlBecRaRYiqbBw=="
    },
    "node_modules/flatmap": {
      "version": "0.0.3",
      "resolved": "https://registry.npmjs.org/flatmap/-/flatmap-0.0.3.tgz",
      "integrity": "sha512-OuR+o7kHVe+x9RtIujPay7Uw3bvDZBZFSBXClEphZuSDLmZTqMdclasf4vFSsogC8baDz0eaC2NdO/2dlXHBKQ=="
    },
    "node_modules/js-yaml": {
      "version": "4.1.0",
      "resolved": "https://registry.npmjs.org/js-yaml/-/js-yaml-4.1.0.tgz",
      "integrity": "sha512-wpxZs9NoxZaJESJGIZTyDEaYpl0FKSA+FB9aJiyemKhMwkxQg63h4T1KJgUGHpTqPDNRcmmYLugrRjJlBtWvRA==",
      "dependencies": {
        "argparse": "^2.0.1"
      },
      "bin": {
        "js-yaml": "bin/js-yaml.js"
      }
    },
    "node_modules/regex-fun": {
      "version": "2.0.3",
      "resolved": "https://registry.npmjs.org/regex-fun/-/regex-fun-2.0.3.tgz",
      "integrity": "sha512-oWd3WfKONKsdYqUpNpZwt5sDLakhVCCZHkVCZrlGVe2GEbF9LDSm7bl+FYEU2p5ymSo008MOa3nAIvD3gESE/Q=="
    },
    "node_modules/snarkdown": {
      "version": "2.0.0",
      "resolved": "https://registry.npmjs.org/snarkdown/-/snarkdown-2.0.0.tgz",
      "integrity": "sha512-MgL/7k/AZdXCTJiNgrO7chgDqaB9FGM/1Tvlcenenb7div6obaDATzs16JhFyHHBGodHT3B7RzRc5qk8pFhg3A=="
    },
    "node_modules/verse-reference-regex": {
      "version": "1.3.0",
      "resolved": "https://registry.npmjs.org/verse-reference-regex/-/verse-reference-regex-1.3.0.tgz",
      "integrity": "sha512-k9jJvpZMYAFbVGPwcUmtxMYSQZjtQJJnJEkykbBC4WDHuS0FmlJzfEhcqIcWZY3nmsUW29DmHzFOWiJ53gFf6w==",
      "dependencies": {
        "books-of-the-bible": "~1.0.0",
        "flatmap": "0.0.3",
        "regex-fun": "~2.0.2"
      }
    },
    "node_modules/world-english-bible": {
      "version": "1.0.0",
      "resolved": "https://registry.npmjs.org/world-english-bible/-/world-english-bible-1.0.0.tgz",
      "integrity": "sha512-4/0uF+51k+FkOs1ZsC5LmAdhAmD24Ng76RfKIeJgVxZO6pcMk3ekKQMeaDn++y4F5xPhXPOguYFYL/5c68DMOA=="
    }
  },
  "dependencies": {
    "@saibotsivad/blockdown": {
      "version": "3.0.0",
      "resolved": "https://registry.npmjs.org/@saibotsivad/blockdown/-/blockdown-3.0.0.tgz",
      "integrity": "sha512-RAX4kW1G2Bia85vtF8iTK5zIXcX5XZnm8lJpoOQQCJ/PexipMuzDCiAOXPQAgmCCNRFknQ4nX3gwn1tuX0MTNA=="
    },
    "argparse": {
      "version": "2.0.1",
      "resolved": "https://registry.npmjs.org/argparse/-/argparse-2.0.1.tgz",
      "integrity": "sha512-8+9WqebbFzpX9OR+Wa6O29asIogeRMzcGtAINdpMHHyAg10f05aSFVBbcEqGf/PXw1EjAZ+q2/bEBg3DvurK3Q=="
    },
    "books-of-the-bible": {
      "version": "1.0.0",
      "resolved": "https://registry.npmjs.org/books-of-the-bible/-/books-of-the-bible-1.0.0.tgz",
      "integrity": "sha512-1svLUGyYcXYVmJOdP7bFQFxjErcLpJ92Gl/3TiImAJNSd1iQSq6yDBHoGBtqZf5mZZ2YIgKKYlBecRaRYiqbBw=="
    },
    "flatmap": {
      "version": "0.0.3",
      "resolved": "https://registry.npmjs.org/flatmap/-/flatmap-0.0.3.tgz",
      "integrity": "sha512-OuR+o7kHVe+x9RtIujPay7Uw3bvDZBZFSBXClEphZuSDLmZTqMdclasf4vFSsogC8baDz0eaC2NdO/2dlXHBKQ=="
    },
    "js-yaml": {
      "version": "4.1.0",
      "resolved": "https://registry.npmjs.org/js-yaml/-/js-yaml-4.1.0.tgz",
      "integrity": "sha512-wpxZs9NoxZaJESJGIZTyDEaYpl0FKSA+FB9aJiyemKhMwkxQg63h4T1KJgUGHpTqPDNRcmmYLugrRjJlBtWvRA==",
      "requires": {
        "argparse": "^2.0.1"
      }
    },
    "regex-fun": {
      "version": "2.0.3",
      "resolved": "https://registry.npmjs.org/regex-fun/-/regex-fun-2.0.3.tgz",
      "integrity": "sha512-oWd3WfKONKsdYqUpNpZwt5sDLakhVCCZHkVCZrlGVe2GEbF9LDSm7bl+FYEU2p5ymSo008MOa3nAIvD3gESE/Q=="
    },
    "snarkdown": {
      "version": "2.0.0",
      "resolved": "https://registry.npmjs.org/snarkdown/-/snarkdown-2.0.0.tgz",
      "integrity": "sha512-MgL/7k/AZdXCTJiNgrO7chgDqaB9FGM/1Tvlcenenb7div6obaDATzs16JhFyHHBGodHT3B7RzRc5qk8pFhg3A=="
    },
    "verse-reference-regex": {
      "version": "1.3.0",
      "resolved": "https://registry.npmjs.org/verse-reference-regex/-/verse-reference-regex-1.3.0.tgz",
      "integrity": "sha512-k9jJvpZMYAFbVGPwcUmtxMYSQZjtQJJnJEkykbBC4WDHuS0FmlJzfEhcqIcWZY3nmsUW29DmHzFOWiJ53gFf6w==",
      "requires": {
        "books-of-the-bible": "~1.0.0",
        "flatmap": "0.0.3",
        "regex-fun": "~2.0.2"
      }
    },
    "world-english-bible": {
      "version": "1.0.0",
      "resolved": "https://registry.npmjs.org/world-english-bible/-/world-english-bible-1.0.0.tgz",
      "integrity": "sha512-4/0uF+51k+FkOs1ZsC5LmAdhAmD24Ng76RfKIeJgVxZO6pcMk3ekKQMeaDn++y4F5xPhXPOguYFYL/5c68DMOA=="
    }
  }
}
